
Microsoft Visual Studio Solution File, Format Version 12.00
# Visual Studio Version 17
VisualStudioVersion = 17.14.37012.4 d17.14
MinimumVisualStudioVersion = 10.0.40219.1
Project("{FAE04EC0-301F-11D3-BF4B-00C04F79EFBC}") = "TP_MODUL3_103022400063", "TP_MODUL3_103022400063\TP_MODUL3_103022400063.csproj", "{D6B3063A-0960-479A-9F65-6ADE05B1280C}"
EndProject
Global
	GlobalSection(SolutionConfigurationPlatforms) = preSolution
		Debug|Any CPU = Debug|Any CPU
		Release|Any CPU = Release|Any CPU
	EndGlobalSection
	GlobalSection(ProjectConfigurationPlatforms) = postSolution
		{D6B3063A-0960-479A-9F65-6ADE05B1280C}.Debug|Any CPU.ActiveCfg = Debug|Any CPU
		{D6B3063A-0960-479A-9F65-6ADE05B1280C}.Debug|Any CPU.Build.0 = Debug|Any CPU
		{D6B3063A-0960-479A-9F65-6ADE05B1280C}.Release|Any CPU.ActiveCfg = Release|Any CPU
		{D6B3063A-0960-479A-9F65-6ADE05B1280C}.Release|Any CPU.Build.0 = Release|Any CPU
	EndGlobalSection
	GlobalSection(SolutionProperties) = preSolution
		HideSolutionNode = FALSE
	EndGlobalSection
	GlobalSection(ExtensibilityGlobals) = postSolution
		SolutionGuid = {A2004F3C-07ED-4995-9072-4E4925E7CBBC}
	EndGlobalSection
EndGlobal
